# This file was autogenerated by Stack.
# You should not edit this file by hand.
# For more information, please see the documentation at:
#   https://docs.haskellstack.org/en/stable/lock_files

packages:
- completed:
    hackage: align-0.1.1.2@sha256:7ab01a174748a4523a544560b59a3020abfa31db56e280a3172dd7abfabf70c3,813
    pantry-tree:
      size: 269
      sha256: 8759d519a2fd69d53bd2d247e779d654e5111e65925f508310f32931182f1e79
  original:
    hackage: align-0.1.1.2@sha256:7ab01a174748a4523a544560b59a3020abfa31db56e280a3172dd7abfabf70c3,813
- completed:
    hackage: fasta-0.10.4.2@sha256:006295e2ab35d083a7a8c916f13ac4bdc532b1ccbbc081b8fe1d0220170987ab,3886
    pantry-tree:
      size: 2131
      sha256: 656ba0438ff64652205dbcee1c6b01f6cc17ac02dc43cca743265fee02ce0967
  original:
    hackage: fasta-0.10.4.2
- completed:
    hackage: pipes-4.3.14@sha256:c8019967581a7e4d52e576cd3f1f70b98dab0ecc7f1b4a607464dede602b8d95,3739
    pantry-tree:
      size: 806
      sha256: 9247953aa36cfc9008bb6020b6c7caf79592aa5ff6c520b9ee04e01e65bf907f
  original:
    hackage: pipes-4.3.14
- completed:
    hackage: pipes-text-0.0.2.5@sha256:16cfd1927817a1c757b15c37ad95c67e819c28b1c4a6ce9757ab15276ec36ac7,3326
    pantry-tree:
      size: 552
      sha256: aa8e0fe5340839739f3106d857ea362226c7c611a0960bc0f632d79fba660009
  original:
    hackage: pipes-text-0.0.2.5
- completed:
    hackage: pipes-safe-2.3.2@sha256:8461307d7aba20e47f5c4adf645d8cfd46feb9d31ca16c96c4fa2543ca5f18ee,1884
    pantry-tree:
      size: 380
      sha256: f26f0c0f4374ebca10935f097c8a10c2932aa23b732ee225b1dbbc638aa8c5e9
  original:
    hackage: pipes-safe-2.3.2
snapshots:
- completed:
    size: 531718
    url: https://raw.githubusercontent.com/commercialhaskell/stackage-snapshots/master/lts/16/6.yaml
    sha256: 230a7266fc11f76222bd3bb68e9503ed11d553060a752f164bff6753ed03e271
  original: lts-16.6
