# This file was autogenerated by Stack.
# You should not edit this file by hand.
# For more information, please see the documentation at:
#   https://docs.haskellstack.org/en/stable/lock_files

packages:
- completed:
    hackage: align-affine-0.1.0.0@sha256:b6e3bfd08bb6c2b44195bf096eb8b9deda5b34fe9923017f7e443ed25ed33e90,941
    pantry-tree:
      size: 275
      sha256: 5934e5a08e705d6324033eeb70b388eb98f3a3a5d0cf5c37d91359a8cab5780b
  original:
    hackage: align-affine-0.1.0.0@sha256:b6e3bfd08bb6c2b44195bf096eb8b9deda5b34fe9923017f7e443ed25ed33e90,941
- completed:
    hackage: fasta-0.10.4.2@sha256:006295e2ab35d083a7a8c916f13ac4bdc532b1ccbbc081b8fe1d0220170987ab,3886
    pantry-tree:
      size: 2131
      sha256: 656ba0438ff64652205dbcee1c6b01f6cc17ac02dc43cca743265fee02ce0967
  original:
    hackage: fasta-0.10.4.2
- completed:
    hackage: pipes-text-1.0.0@sha256:0e5201cd499edbcbfb32bec59279938039a094b246c41d2c49c27288509a3e28,3146
    pantry-tree:
      size: 555
      sha256: 2e1f4cd9d6ba296a09b31111a122f1d57392ad8b79251243dbe1915096a63a4b
  original:
    hackage: pipes-text-1.0.0
- completed:
    hackage: MissingH-1.4.3.0@sha256:32f9892ec98cd21df4f4d3ed8d95a3831ae74287ea0641d6f09b2dc6ef061d39,4859
    pantry-tree:
      size: 5271
      sha256: 6cd6a7213615d72a7db3234c7fcd4346ceb4889bc8fb14b302b5878768018fcd
  original:
    hackage: MissingH-1.4.3.0
- completed:
    hackage: regex-posix-clib-2.7@sha256:998fca06da3d719818f0691ef0b8b9b7375afeea228cb08bd9e2db53f96b0cd7,1232
    pantry-tree:
      size: 524
      sha256: 5bf20952472d930323766d250f5fbbe3fe6f2cd3d931e5cf7b62a238ab2099ff
  original:
    hackage: regex-posix-clib-2.7
snapshots:
- completed:
    size: 586296
    url: https://raw.githubusercontent.com/commercialhaskell/stackage-snapshots/master/lts/18/18.yaml
    sha256: 63539429076b7ebbab6daa7656cfb079393bf644971156dc349d7c0453694ac2
  original: lts-18.18
